
Microsoft Visual Studio Solution File, Format Version 12.00
# Visual Studio Version 16
VisualStudioVersion = 16.0.30907.101
MinimumVisualStudioVersion = 10.0.40219.1
Project("{8BC9CEB8-8B4A-11D0-8D11-00A0C91BC942}") = "Password Generator", "Password Generator\Password Generator.vcxproj", "{85296099-96C7-4CF7-A088-151E461AFEB3}"
EndProject
Global
	GlobalSection(SolutionConfigurationPlatforms) = preSolution
		Debug|x64 = Debug|x64
		Debug|x86 = Debug|x86
		Release|x64 = Release|x64
		Release|x86 = Release|x86
	EndGlobalSection
	GlobalSection(ProjectConfigurationPlatforms) = postSolution
		{85296099-96C7-4CF7-A088-151E461AFEB3}.Debug|x64.ActiveCfg = Debug|x64
		{85296099-96C7-4CF7-A088-151E461AFEB3}.Debug|x64.Build.0 = Debug|x64
		{85296099-96C7-4CF7-A088-151E461AFEB3}.Debug|x86.ActiveCfg = Debug|Win32
		{85296099-96C7-4CF7-A088-151E461AFEB3}.Debug|x86.Build.0 = Debug|Win32
		{85296099-96C7-4CF7-A088-151E461AFEB3}.Release|x64.ActiveCfg = Release|x64
		{85296099-96C7-4CF7-A088-151E461AFEB3}.Release|x64.Build.0 = Release|x64
		{85296099-96C7-4CF7-A088-151E461AFEB3}.Release|x86.ActiveCfg = Release|Win32
		{85296099-96C7-4CF7-A088-151E461AFEB3}.Release|x86.Build.0 = Release|Win32
	EndGlobalSection
	GlobalSection(SolutionProperties) = preSolution
		HideSolutionNode = FALSE
	EndGlobalSection
	GlobalSection(ExtensibilityGlobals) = postSolution
		SolutionGuid = {39FBB762-DA3A-4A40-B039-34411CE87EFF}
	EndGlobalSection
EndGlobal
